// !$*UTF8*$!
{
	archiveVersion = 1;
	classes = {
	};
	objectVersion = 55;
	objects = {

/* Begin PBXBuildFile section */
		D464B36E28D98C6C00BA94FE /* DataStorage.swift in Sources */ = {isa = PBXBuildFile; fileRef = D464B36D28D98C6C00BA94FE /* DataStorage.swift */; };
		D49B153D28D44F4E0065098E /* DataCenter.swift in Sources */ = {isa = PBXBuildFile; fileRef = D49B153C28D44F4E0065098E /* DataCenter.swift */; };
		D49B153F28D44FC30065098E /* LocationPermission.swift in Sources */ = {isa = PBXBuildFile; fileRef = D49B153E28D44FC30065098E /* LocationPermission.swift */; };
		D4C4963C28D385D3003281B1 /* bglocationApp.swift in Sources */ = {isa = PBXBuildFile; fileRef = D4C4963B28D385D3003281B1 /* bglocationApp.swift */; };
		D4C4963E28D385D3003281B1 /* ContentView.swift in Sources */ = {isa = PBXBuildFile; fileRef = D4C4963D28D385D3003281B1 /* ContentView.swift */; };
		D4C4964028D385D4003281B1 /* Assets.xcassets in Resources */ = {isa = PBXBuildFile; fileRef = D4C4963F28D385D4003281B1 /* Assets.xcassets */; };
		D4C4964328D385D4003281B1 /* Preview Assets.xcassets in Resources */ = {isa = PBXBuildFile; fileRef = D4C4964228D385D4003281B1 /* Preview Assets.xcassets */; };
/* End PBXBuildFile section */

/* Begin PBXFileReference section */
		D464B36D28D98C6C00BA94FE /* DataStorage.swift */ = {isa = PBXFileReference; lastKnownFileType = sourcecode.swift; path = DataStorage.swift; sourceTree = "<group>"; };
		D49B153728D387B50065098E /* Info.plist */ = {isa = PBXFileReference; lastKnownFileType = text.plist; path = Info.plist; sourceTree = "<group>"; };
		D49B153C28D44F4E0065098E /* DataCenter.swift */ = {isa = PBXFileReference; fileEncoding = 4; lastKnownFileType = sourcecode.swift; path = DataCenter.swift; sourceTree = "<group>"; };
		D49B153E28D44FC30065098E /* LocationPermission.swift */ = {isa = PBXFileReference; fileEncoding = 4; lastKnownFileType = sourcecode.swift; name = LocationPermission.swift; path = "../../../../Downloads/Archive (1)/LocationPermission.swift"; sourceTree = "<group>"; };
		D4C4963828D385D3003281B1 /* bglocation.app */ = {isa = PBXFileReference; explicitFileType = wrapper.application; includeInIndex = 0; path = bglocation.app; sourceTree = BUILT_PRODUCTS_DIR; };
		D4C4963B28D385D3003281B1 /* bglocationApp.swift */ = {isa = PBXFileReference; lastKnownFileType = sourcecode.swift; path = bglocationApp.swift; sourceTree = "<group>"; };
		D4C4963D28D385D3003281B1 /* ContentView.swift */ = {isa = PBXFileReference; lastKnownFileType = sourcecode.swift; path = ContentView.swift; sourceTree = "<group>"; };
		D4C4963F28D385D4003281B1 /* Assets.xcassets */ = {isa = PBXFileReference; lastKnownFileType = folder.assetcatalog; path = Assets.xcassets; sourceTree = "<group>"; };
		D4C4964228D385D4003281B1 /* Preview Assets.xcassets */ = {isa = PBXFileReference; lastKnownFileType = folder.assetcatalog; path = "Preview Assets.xcassets"; sourceTree = "<group>"; };
/* End PBXFileReference section */

/* Begin PBXFrameworksBuildPhase section */
		D4C4963528D385D3003281B1 /* Frameworks */ = {
			isa = PBXFrameworksBuildPhase;
			buildActionMask = 2147483647;
			files = (
			);
			runOnlyForDeploymentPostprocessing = 0;
		};
/* End PBXFrameworksBuildPhase section */

/* Begin PBXGroup section */
		D4C4962F28D385D3003281B1 = {
			isa = PBXGroup;
			children = (
				D4C4963A28D385D3003281B1 /* bglocation */,
				D4C4963928D385D3003281B1 /* Products */,
			);
			sourceTree = "<group>";
		};
		D4C4963928D385D3003281B1 /* Products */ = {
			isa = PBXGroup;
			children = (
				D4C4963828D385D3003281B1 /* bglocation.app */,
			);
			name = Products;
			sourceTree = "<group>";
		};
		D4C4963A28D385D3003281B1 /* bglocation */ = {
			isa = PBXGroup;
			children = (
				D49B153728D387B50065098E /* Info.plist */,
				D4C4963B28D385D3003281B1 /* bglocationApp.swift */,
				D4C4963D28D385D3003281B1 /* ContentView.swift */,
				D49B153C28D44F4E0065098E /* DataCenter.swift */,
				D464B36D28D98C6C00BA94FE /* DataStorage.swift */,
				D49B153E28D44FC30065098E /* LocationPermission.swift */,
				D4C4963F28D385D4003281B1 /* Assets.xcassets */,
				D4C4964128D385D4003281B1 /* Preview Content */,
			);
			path = bglocation;
			sourceTree = "<group>";
		};
		D4C4964128D385D4003281B1 /* Preview Content */ = {
			isa = PBXGroup;
			children = (
				D4C4964228D385D4003281B1 /* Preview Assets.xcassets */,
			);
			path = "Preview Content";
			sourceTree = "<group>";
		};
/* End PBXGroup section */

/* Begin PBXNativeTarget section */
		D4C4963728D385D3003281B1 /* bglocation */ = {
			isa = PBXNativeTarget;
			buildConfigurationList = D4C4964628D385D4003281B1 /* Build configuration list for PBXNativeTarget "bglocation" */;
			buildPhases = (
				D4C4963428D385D3003281B1 /* Sources */,
				D4C4963528D385D3003281B1 /* Frameworks */,
				D4C4963628D385D3003281B1 /* Resources */,
			);
			buildRules = (
			);
			dependencies = (
			);
			name = bglocation;
			productName = bglocation;
			productReference = D4C4963828D385D3003281B1 /* bglocation.app */;
			productType = "com.apple.product-type.application";
		};
/* End PBXNativeTarget section */

/* Begin PBXProject section */
		D4C4963028D385D3003281B1 /* Project object */ = {
			isa = PBXProject;
			attributes = {
				BuildIndependentTargetsInParallel = 1;
				LastSwiftUpdateCheck = 1340;
				LastUpgradeCheck = 1340;
				TargetAttributes = {
					D4C4963728D385D3003281B1 = {
						CreatedOnToolsVersion = 13.4.1;
					};
				};
			};
			buildConfigurationList = D4C4963328D385D3003281B1 /* Build configuration list for PBXProject "bglocation" */;
			compatibilityVersion = "Xcode 13.0";
			developmentRegion = en;
			hasScannedForEncodings = 0;
			knownRegions = (
				en,
				Base,
			);
			mainGroup = D4C4962F28D385D3003281B1;
			productRefGroup = D4C4963928D385D3003281B1 /* Products */;
			projectDirPath = "";
			projectRoot = "";
			targets = (
				D4C4963728D385D3003281B1 /* bglocation */,
			);
		};
/* End PBXProject section */

/* Begin PBXResourcesBuildPhase section */
		D4C4963628D385D3003281B1 /* Resources */ = {
			isa = PBXResourcesBuildPhase;
			buildActionMask = 2147483647;
			files = (
				D4C4964328D385D4003281B1 /* Preview Assets.xcassets in Resources */,
				D4C4964028D385D4003281B1 /* Assets.xcassets in Resources */,
			);
			runOnlyForDeploymentPostprocessing = 0;
		};
/* End PBXResourcesBuildPhase section */

/* Begin PBXSourcesBuildPhase section */
		D4C4963428D385D3003281B1 /* Sources */ = {
			isa = PBXSourcesBuildPhase;
			buildActionMask = 2147483647;
			files = (
				D4C4963E28D385D3003281B1 /* ContentView.swift in Sources */,
				D49B153D28D44F4E0065098E /* DataCenter.swift in Sources */,
				D464B36E28D98C6C00BA94FE /* DataStorage.swift in Sources */,
				D4C4963C28D385D3003281B1 /* bglocationApp.swift in Sources */,
				D49B153F28D44FC30065098E /* LocationPermission.swift in Sources */,
			);
			runOnlyForDeploymentPostprocessing = 0;
		};
/* End PBXSourcesBuildPhase section */

/* Begin XCBuildConfiguration section */
		D4C4964428D385D4003281B1 /* Debug */ = {
			isa = XCBuildConfiguration;
			buildSettings = {
				ALWAYS_SEARCH_USER_PATHS = NO;
				CLANG_ANALYZER_NONNULL = YES;
				CLANG_ANALYZER_NUMBER_OBJECT_CONVERSION = YES_AGGRESSIVE;
				CLANG_CXX_LANGUAGE_STANDARD = "gnu++17";
				CLANG_ENABLE_MODULES = YES;
				CLANG_ENABLE_OBJC_ARC = YES;
				CLANG_ENABLE_OBJC_WEAK = YES;
				CLANG_WARN_BLOCK_CAPTURE_AUTORELEASING = YES;
				CLANG_WARN_BOOL_CONVERSION = YES;
				CLANG_WARN_COMMA = YES;
				CLANG_WARN_CONSTANT_CONVERSION = YES;
				CLANG_WARN_DEPRECATED_OBJC_IMPLEMENTATIONS = YES;
				CLANG_WARN_DIRECT_OBJC_ISA_USAGE = YES_ERROR;
				CLANG_WARN_DOCUMENTATION_COMMENTS = YES;
				CLANG_WARN_EMPTY_BODY = YES;
				CLANG_WARN_ENUM_CONVERSION = YES;
				CLANG_WARN_INFINITE_RECURSION = YES;
				CLANG_WARN_INT_CONVERSION = YES;
				CLANG_WARN_NON_LITERAL_NULL_CONVERSION = YES;
				CLANG_WARN_OBJC_IMPLICIT_RETAIN_SELF = YES;
				CLANG_WARN_OBJC_LITERAL_CONVERSION = YES;
				CLANG_WARN_OBJC_ROOT_CLASS = YES_ERROR;
				CLANG_WARN_QUOTED_INCLUDE_IN_FRAMEWORK_HEADER = YES;
				CLANG_WARN_RANGE_LOOP_ANALYSIS = YES;
				CLANG_WARN_STRICT_PROTOTYPES = YES;
				CLANG_WARN_SUSPICIOUS_MOVE = YES;
				CLANG_WARN_UNGUARDED_AVAILABILITY = YES_AGGRESSIVE;
				CLANG_WARN_UNREACHABLE_CODE = YES;
				CLANG_WARN__DUPLICATE_METHOD_MATCH = YES;
				COPY_PHASE_STRIP = NO;
				DEBUG_INFORMATION_FORMAT = dwarf;
				ENABLE_STRICT_OBJC_MSGSEND = YES;
				ENABLE_TESTABILITY = YES;
				GCC_C_LANGUAGE_STANDARD = gnu11;
				GCC_DYNAMIC_NO_PIC = NO;
				GCC_NO_COMMON_BLOCKS = YES;
				GCC_OPTIMIZATION_LEVEL = 0;
				GCC_PREPROCESSOR_DEFINITIONS = (
					"DEBUG=1",
					"$(inherited)",
				);
				GCC_WARN_64_TO_32_BIT_CONVERSION = YES;
				GCC_WARN_ABOUT_RETURN_TYPE = YES_ERROR;
				GCC_WARN_UNDECLARED_SELECTOR = YES;
				GCC_WARN_UNINITIALIZED_AUTOS = YES_AGGRESSIVE;
				GCC_WARN_UNUSED_FUNCTION = YES;
				GCC_WARN_UNUSED_VARIABLE = YES;
				IPHONEOS_DEPLOYMENT_TARGET = 15.5;
				MTL_ENABLE_DEBUG_INFO = INCLUDE_SOURCE;
				MTL_FAST_MATH = YES;
				ONLY_ACTIVE_ARCH = YES;
				SDKROOT = iphoneos;
				SWIFT_ACTIVE_COMPILATION_CONDITIONS = DEBUG;
				SWIFT_OPTIMIZATION_LEVEL = "-Onone";
			};
			name = Debug;
		};
		D4C4964528D385D4003281B1 /* Release */ = {
			isa = XCBuildConfiguration;
			buildSettings = {
				ALWAYS_SEARCH_USER_PATHS = NO;
				CLANG_ANALYZER_NONNULL = YES;
				CLANG_ANALYZER_NUMBER_OBJECT_CONVERSION = YES_AGGRESSIVE;
				CLANG_CXX_LANGUAGE_STANDARD = "gnu++17";
				CLANG_ENABLE_MODULES = YES;
				CLANG_ENABLE_OBJC_ARC = YES;
				CLANG_ENABLE_OBJC_WEAK = YES;
				CLANG_WARN_BLOCK_CAPTURE_AUTORELEASING = YES;
				CLANG_WARN_BOOL_CONVERSION = YES;
				CLANG_WARN_COMMA = YES;
				CLANG_WARN_CONSTANT_CONVERSION = YES;
				CLANG_WARN_DEPRECATED_OBJC_IMPLEMENTATIONS = YES;
				CLANG_WARN_DIRECT_OBJC_ISA_USAGE = YES_ERROR;
				CLANG_WARN_DOCUMENTATION_COMMENTS = YES;
				CLANG_WARN_EMPTY_BODY = YES;
				CLANG_WARN_ENUM_CONVERSION = YES;
				CLANG_WARN_INFINITE_RECURSION = YES;
				CLANG_WARN_INT_CONVERSION = YES;
				CLANG_WARN_NON_LITERAL_NULL_CONVERSION = YES;
				CLANG_WARN_OBJC_IMPLICIT_RETAIN_SELF = YES;
				CLANG_WARN_OBJC_LITERAL_CONVERSION = YES;
				CLANG_WARN_OBJC_ROOT_CLASS = YES_ERROR;
				CLANG_WARN_QUOTED_INCLUDE_IN_FRAMEWORK_HEADER = YES;
				CLANG_WARN_RANGE_LOOP_ANALYSIS = YES;
				CLANG_WARN_STRICT_PROTOTYPES = YES;
				CLANG_WARN_SUSPICIOUS_MOVE = YES;
				CLANG_WARN_UNGUARDED_AVAILABILITY = YES_AGGRESSIVE;
				CLANG_WARN_UNREACHABLE_CODE = YES;
				CLANG_WARN__DUPLICATE_METHOD_MATCH = YES;
				COPY_PHASE_STRIP = NO;
				DEBUG_INFORMATION_FORMAT = "dwarf-with-dsym";
				ENABLE_NS_ASSERTIONS = NO;
				ENABLE_STRICT_OBJC_MSGSEND = YES;
				GCC_C_LANGUAGE_STANDARD = gnu11;
				GCC_NO_COMMON_BLOCKS = YES;
				GCC_WARN_64_TO_32_BIT_CONVERSION = YES;
				GCC_WARN_ABOUT_RETURN_TYPE = YES_ERROR;
				GCC_WARN_UNDECLARED_SELECTOR = YES;
				GCC_WARN_UNINITIALIZED_AUTOS = YES_AGGRESSIVE;
				GCC_WARN_UNUSED_FUNCTION = YES;
				GCC_WARN_UNUSED_VARIABLE = YES;
				IPHONEOS_DEPLOYMENT_TARGET = 15.5;
				MTL_ENABLE_DEBUG_INFO = NO;
				MTL_FAST_MATH = YES;
				SDKROOT = iphoneos;
				SWIFT_COMPILATION_MODE = wholemodule;
				SWIFT_OPTIMIZATION_LEVEL = "-O";
				VALIDATE_PRODUCT = YES;
			};
			name = Release;
		};
		D4C4964728D385D4003281B1 /* Debug */ = {
			isa = XCBuildConfiguration;
			buildSettings = {
				ASSETCATALOG_COMPILER_APPICON_NAME = AppIcon;
				ASSETCATALOG_COMPILER_GLOBAL_ACCENT_COLOR_NAME = AccentColor;
				CODE_SIGN_STYLE = Automatic;
				CURRENT_PROJECT_VERSION = 1;
				DEVELOPMENT_ASSET_PATHS = "\"bglocation/Preview Content\"";
				DEVELOPMENT_TEAM = 24MFDW278S;
				ENABLE_PREVIEWS = YES;
				GENERATE_INFOPLIST_FILE = YES;
				INFOPLIST_FILE = bglocation/Info.plist;
				INFOPLIST_KEY_NSLocalNetworkUsageDescription = locatguon;
				INFOPLIST_KEY_NSLocationAlwaysAndWhenInUseUsageDescription = "Location needs";
				INFOPLIST_KEY_NSLocationAlwaysUsageDescription = "Location Uasge";
				INFOPLIST_KEY_NSLocationUsageDescription = Locatiuon;
				INFOPLIST_KEY_NSLocationWhenInUseUsageDescription = "When in use";
				INFOPLIST_KEY_UIApplicationSceneManifest_Generation = YES;
				INFOPLIST_KEY_UIApplicationSupportsIndirectInputEvents = YES;
				INFOPLIST_KEY_UILaunchScreen_Generation = YES;
				INFOPLIST_KEY_UISupportedInterfaceOrientations_iPad = "UIInterfaceOrientationPortrait UIInterfaceOrientationPortraitUpsideDown UIInterfaceOrientationLandscapeLeft UIInterfaceOrientationLandscapeRight";
				INFOPLIST_KEY_UISupportedInterfaceOrientations_iPhone = "UIInterfaceOrientationPortrait UIInterfaceOrientationLandscapeLeft UIInterfaceOrientationLandscapeRight";
				LD_RUNPATH_SEARCH_PATHS = (
					"$(inherited)",
					"@executable_path/Frameworks",
				);
				MARKETING_VERSION = 1.0;
				PRODUCT_BUNDLE_IDENTIFIER = con.mvpapps.bglocation.bglocation;
				PRODUCT_NAME = "$(TARGET_NAME)";
				SWIFT_EMIT_LOC_STRINGS = YES;
				SWIFT_VERSION = 5.0;
				TARGETED_DEVICE_FAMILY = "1,2";
			};
			name = Debug;
		};
		D4C4964828D385D4003281B1 /* Release */ = {
			isa = XCBuildConfiguration;
			buildSettings = {
				ASSETCATALOG_COMPILER_APPICON_NAME = AppIcon;
				ASSETCATALOG_COMPILER_GLOBAL_ACCENT_COLOR_NAME = AccentColor;
				CODE_SIGN_STYLE = Automatic;
				CURRENT_PROJECT_VERSION = 1;
				DEVELOPMENT_ASSET_PATHS = "\"bglocation/Preview Content\"";
				DEVELOPMENT_TEAM = 24MFDW278S;
				ENABLE_PREVIEWS = YES;
				GENERATE_INFOPLIST_FILE = YES;
				INFOPLIST_FILE = bglocation/Info.plist;
				INFOPLIST_KEY_NSLocalNetworkUsageDescription = locatguon;
				INFOPLIST_KEY_NSLocationAlwaysAndWhenInUseUsageDescription = "Location needs";
				INFOPLIST_KEY_NSLocationAlwaysUsageDescription = "Location Uasge";
				INFOPLIST_KEY_NSLocationUsageDescription = Locatiuon;
				INFOPLIST_KEY_NSLocationWhenInUseUsageDescription = "When in use";
				INFOPLIST_KEY_UIApplicationSceneManifest_Generation = YES;
				INFOPLIST_KEY_UIApplicationSupportsIndirectInputEvents = YES;
				INFOPLIST_KEY_UILaunchScreen_Generation = YES;
				INFOPLIST_KEY_UISupportedInterfaceOrientations_iPad = "UIInterfaceOrientationPortrait UIInterfaceOrientationPortraitUpsideDown UIInterfaceOrientationLandscapeLeft UIInterfaceOrientationLandscapeRight";
				INFOPLIST_KEY_UISupportedInterfaceOrientations_iPhone = "UIInterfaceOrientationPortrait UIInterfaceOrientationLandscapeLeft UIInterfaceOrientationLandscapeRight";
				LD_RUNPATH_SEARCH_PATHS = (
					"$(inherited)",
					"@executable_path/Frameworks",
				);
				MARKETING_VERSION = 1.0;
				PRODUCT_BUNDLE_IDENTIFIER = con.mvpapps.bglocation.bglocation;
				PRODUCT_NAME = "$(TARGET_NAME)";
				SWIFT_EMIT_LOC_STRINGS = YES;
				SWIFT_VERSION = 5.0;
				TARGETED_DEVICE_FAMILY = "1,2";
			};
			name = Release;
		};
/* End XCBuildConfiguration section */

/* Begin XCConfigurationList section */
		D4C4963328D385D3003281B1 /* Build configuration list for PBXProject "bglocation" */ = {
			isa = XCConfigurationList;
			buildConfigurations = (
				D4C4964428D385D4003281B1 /* Debug */,
				D4C4964528D385D4003281B1 /* Release */,
			);
			defaultConfigurationIsVisible = 0;
			defaultConfigurationName = Release;
		};
		D4C4964628D385D4003281B1 /* Build configuration list for PBXNativeTarget "bglocation" */ = {
			isa = XCConfigurationList;
			buildConfigurations = (
				D4C4964728D385D4003281B1 /* Debug */,
				D4C4964828D385D4003281B1 /* Release */,
			);
			defaultConfigurationIsVisible = 0;
			defaultConfigurationName = Release;
		};
/* End XCConfigurationList section */
	};
	rootObject = D4C4963028D385D3003281B1 /* Project object */;
}
